# THIS IS AN AUTOGENERATED FILE. DO NOT EDIT THIS FILE DIRECTLY.
# yarn lockfile v1


three@^0.139.1:
  version "0.139.1"
  resolved "https://registry.yarnpkg.com/three/-/three-0.139.1.tgz#1603d6d1f33b6cef44b15b4f859c7b4ca6774efb"
  integrity sha512-7mV5mk7k9CyNnRBXBo8VDWw0haONMh+czKfGFCaYhKq79br2z+4TxZe4JurM6/IGsLU3VaP8CydfDsifvZvg8w==
